{
  "name": "fleet-management",
  "version": "1.0.6",
  "lockfileVersion": 1,
  "requires": true,
  "dependencies": {
    "@types/body-parser": {
      "version": "1.17.0",
      "resolved": "https://registry.npmjs.org/@types/body-parser/-/body-parser-1.17.0.tgz",
      "integrity": "sha512-a2+YeUjPkztKJu5aIF2yArYFQQp8d51wZ7DavSHjFuY1mqVgidGyzEQ41JIVNy82fXj8yPgy2vJmfIywgESW6w==",
      "requires": {
        "@types/connect": "*",
        "@types/node": "*"
      }
    },
    "@types/connect": {
      "version": "3.4.32",
      "resolved": "https://registry.npmjs.org/@types/connect/-/connect-3.4.32.tgz",
      "integrity": "sha512-4r8qa0quOvh7lGD0pre62CAb1oni1OO6ecJLGCezTmhQ8Fz50Arx9RUszryR8KlgK6avuSXvviL6yWyViQABOg==",
      "requires": {
        "@types/node": "*"
      }
    },
    "@types/express": {
      "version": "4.0.39",
      "resolved": "https://registry.npmjs.org/@types/express/-/express-4.0.39.tgz",
      "integrity": "sha512-dBUam7jEjyuEofigUXCtublUHknRZvcRgITlGsTbFgPvnTwtQUt2NgLakbsf+PsGo/Nupqr3IXCYsOpBpofyrA==",
      "requires": {
        "@types/body-parser": "*",
        "@types/express-serve-static-core": "*",
        "@types/serve-static": "*"
      }
    },
    "@types/express-serve-static-core": {
      "version": "4.16.7",
      "resolved": "https://registry.npmjs.org/@types/express-serve-static-core/-/express-serve-static-core-4.16.7.tgz",
      "integrity": "sha512-847KvL8Q1y3TtFLRTXcVakErLJQgdpFSaq+k043xefz9raEf0C7HalpSY7OW5PyjCnY8P7bPW5t/Co9qqp+USg==",
      "requires": {
        "@types/node": "*",
        "@types/range-parser": "*"
      }
    },
    "@types/mime": {
      "version": "2.0.1",
      "resolved": "https://registry.npmjs.org/@types/mime/-/mime-2.0.1.tgz",
      "integrity": "sha512-FwI9gX75FgVBJ7ywgnq/P7tw+/o1GUbtP0KzbtusLigAOgIgNISRK0ZPl4qertvXSIE8YbsVJueQ90cDt9YYyw=="
    },
    "@types/node": {
      "version": "12.7.0",
      "resolved": "https://registry.npmjs.org/@types/node/-/node-12.7.0.tgz",
      "integrity": "sha512-vqcj1MVm2Sla4PpMfYKh1MyDN4D2f/mPIZD7RdAGqEsbE+JxfeqQHHVbRDQ0Nqn8i73gJa1HQ1Pu3+nH4Q0Yiw=="
    },
    "@types/range-parser": {
      "version": "1.2.3",
      "resolved": "https://registry.npmjs.org/@types/range-parser/-/range-parser-1.2.3.tgz",
      "integrity": "sha512-ewFXqrQHlFsgc09MK5jP5iR7vumV/BYayNC6PgJO2LPe8vrnNFyjQjSppfEngITi0qvfKtzFvgKymGheFM9UOA=="
    },
    "@types/serve-static": {
      "version": "1.13.2",
      "resolved": "https://registry.npmjs.org/@types/serve-static/-/serve-static-1.13.2.tgz",
      "integrity": "sha512-/BZ4QRLpH/bNYgZgwhKEh+5AsboDBcUdlBYgzoLX0fpj3Y2gp6EApyOlM3bK53wQS/OE1SrdSYBAbux2D1528Q==",
      "requires": {
        "@types/express-serve-static-core": "*",
        "@types/mime": "*"
      }
    },
    "bowser": {
      "version": "2.7.0",
      "resolved": "https://registry.npmjs.org/bowser/-/bowser-2.7.0.tgz",
      "integrity": "sha512-aIlMvstvu8x+34KEiOHD3AsBgdrzg6sxALYiukOWhFvGMbQI6TRP/iY0LMhUrHs56aD6P1G0Z7h45PUJaa5m9w=="
    },
    "camelize": {
      "version": "1.0.0",
      "resolved": "https://registry.npmjs.org/camelize/-/camelize-1.0.0.tgz",
      "integrity": "sha1-FkpUg+Yw+kMh5a8HAg5TGDGyYJs="
    },
    "content-security-policy-builder": {
      "version": "2.1.0",
      "resolved": "https://registry.npmjs.org/content-security-policy-builder/-/content-security-policy-builder-2.1.0.tgz",
      "integrity": "sha512-/MtLWhJVvJNkA9dVLAp6fg9LxD2gfI6R2Fi1hPmfjYXSahJJzcfvoeDOxSyp4NvxMuwWv3WMssE9o31DoULHrQ=="
    },
    "dasherize": {
      "version": "2.0.0",
      "resolved": "https://registry.npmjs.org/dasherize/-/dasherize-2.0.0.tgz",
      "integrity": "sha1-bYCcnNDPe7iVLYD8hPoT1H3bEwg="
    },
    "dns-prefetch-control": {
      "version": "0.2.0",
      "resolved": "https://registry.npmjs.org/dns-prefetch-control/-/dns-prefetch-control-0.2.0.tgz",
      "integrity": "sha512-hvSnros73+qyZXhHFjx2CMLwoj3Fe7eR9EJsFsqmcI1bB2OBWL/+0YzaEaKssCHnj/6crawNnUyw74Gm2EKe+Q=="
    },
    "dont-sniff-mimetype": {
      "version": "1.1.0",
      "resolved": "https://registry.npmjs.org/dont-sniff-mimetype/-/dont-sniff-mimetype-1.1.0.tgz",
      "integrity": "sha512-ZjI4zqTaxveH2/tTlzS1wFp+7ncxNZaIEWYg3lzZRHkKf5zPT/MnEG6WL0BhHMJUabkh8GeU5NL5j+rEUCb7Ug=="
    },
    "expect-ct": {
      "version": "0.2.0",
      "resolved": "https://registry.npmjs.org/expect-ct/-/expect-ct-0.2.0.tgz",
      "integrity": "sha512-6SK3MG/Bbhm8MsgyJAylg+ucIOU71/FzyFalcfu5nY19dH8y/z0tBJU0wrNBXD4B27EoQtqPF/9wqH0iYAd04g=="
    },
    "express-validator": {
      "version": "4.3.0",
      "resolved": "https://registry.npmjs.org/express-validator/-/express-validator-4.3.0.tgz",
      "integrity": "sha512-EYU+JJ2EoLpcw+GKwbB1K8UGb/w1A70Wf3gD/zE9QScQxeSt8qad93lxGtsLwZFoiYM0EByVoSzHJnskp+eVHQ==",
      "requires": {
        "@types/express": "~4.0.34",
        "lodash": "^4.16.0",
        "validator": "~8.2.0"
      }
    },
    "feature-policy": {
      "version": "0.3.0",
      "resolved": "https://registry.npmjs.org/feature-policy/-/feature-policy-0.3.0.tgz",
      "integrity": "sha512-ZtijOTFN7TzCujt1fnNhfWPFPSHeZkesff9AXZj+UEjYBynWNUIYpC87Ve4wHzyexQsImicLu7WsC2LHq7/xrQ=="
    },
    "frameguard": {
      "version": "3.1.0",
      "resolved": "https://registry.npmjs.org/frameguard/-/frameguard-3.1.0.tgz",
      "integrity": "sha512-TxgSKM+7LTA6sidjOiSZK9wxY0ffMPY3Wta//MqwmX0nZuEHc8QrkV8Fh3ZhMJeiH+Uyh/tcaarImRy8u77O7g=="
    },
    "helmet": {
      "version": "3.21.1",
      "resolved": "https://registry.npmjs.org/helmet/-/helmet-3.21.1.tgz",
      "integrity": "sha512-IC/54Lxvvad2YiUdgLmPlNFKLhNuG++waTF5KPYq/Feo3NNhqMFbcLAlbVkai+9q0+4uxjxGPJ9bNykG+3zZNg==",
      "requires": {
        "depd": "2.0.0",
        "dns-prefetch-control": "0.2.0",
        "dont-sniff-mimetype": "1.1.0",
        "expect-ct": "0.2.0",
        "feature-policy": "0.3.0",
        "frameguard": "3.1.0",
        "helmet-crossdomain": "0.4.0",
        "helmet-csp": "2.9.2",
        "hide-powered-by": "1.1.0",
        "hpkp": "2.0.0",
        "hsts": "2.2.0",
        "ienoopen": "1.1.0",
        "nocache": "2.1.0",
        "referrer-policy": "1.2.0",
        "x-xss-protection": "1.3.0"
      },
      "dependencies": {
        "depd": {
          "version": "2.0.0",
          "resolved": "https://registry.npmjs.org/depd/-/depd-2.0.0.tgz",
          "integrity": "sha512-g7nH6P6dyDioJogAAGprGpCtVImJhpPk/roCzdb3fIh61/s/nPsfR6onyMwkCAR/OlC3yBC0lESvUoQEAssIrw=="
        }
      }
    },
    "helmet-crossdomain": {
      "version": "0.4.0",
      "resolved": "https://registry.npmjs.org/helmet-crossdomain/-/helmet-crossdomain-0.4.0.tgz",
      "integrity": "sha512-AB4DTykRw3HCOxovD1nPR16hllrVImeFp5VBV9/twj66lJ2nU75DP8FPL0/Jp4jj79JhTfG+pFI2MD02kWJ+fA=="
    },
    "helmet-csp": {
      "version": "2.9.2",
      "resolved": "https://registry.npmjs.org/helmet-csp/-/helmet-csp-2.9.2.tgz",
      "integrity": "sha512-Lt5WqNfbNjEJ6ysD4UNpVktSyjEKfU9LVJ1LaFmPfYseg/xPealPfgHhtqdAdjPDopp5zbg/VWCyp4cluMIckw==",
      "requires": {
        "bowser": "^2.6.1",
        "camelize": "1.0.0",
        "content-security-policy-builder": "2.1.0",
        "dasherize": "2.0.0"
      }
    },
    "hide-powered-by": {
      "version": "1.1.0",
      "resolved": "https://registry.npmjs.org/hide-powered-by/-/hide-powered-by-1.1.0.tgz",
      "integrity": "sha512-Io1zA2yOA1YJslkr+AJlWSf2yWFkKjvkcL9Ni1XSUqnGLr/qRQe2UI3Cn/J9MsJht7yEVCe0SscY1HgVMujbgg=="
    },
    "hpkp": {
      "version": "2.0.0",
      "resolved": "https://registry.npmjs.org/hpkp/-/hpkp-2.0.0.tgz",
      "integrity": "sha1-EOFCJk52IVpdMMROxD3mTe5tFnI="
    },
    "hsts": {
      "version": "2.2.0",
      "resolved": "https://registry.npmjs.org/hsts/-/hsts-2.2.0.tgz",
      "integrity": "sha512-ToaTnQ2TbJkochoVcdXYm4HOCliNozlviNsg+X2XQLQvZNI/kCHR9rZxVYpJB3UPcHz80PgxRyWQ7PdU1r+VBQ==",
      "requires": {
        "depd": "2.0.0"
      },
      "dependencies": {
        "depd": {
          "version": "2.0.0",
          "resolved": "https://registry.npmjs.org/depd/-/depd-2.0.0.tgz",
          "integrity": "sha512-g7nH6P6dyDioJogAAGprGpCtVImJhpPk/roCzdb3fIh61/s/nPsfR6onyMwkCAR/OlC3yBC0lESvUoQEAssIrw=="
        }
      }
    },
    "ienoopen": {
      "version": "1.1.0",
      "resolved": "https://registry.npmjs.org/ienoopen/-/ienoopen-1.1.0.tgz",
      "integrity": "sha512-MFs36e/ca6ohEKtinTJ5VvAJ6oDRAYFdYXweUnGY9L9vcoqFOU4n2ZhmJ0C4z/cwGZ3YIQRSB3XZ1+ghZkY5NQ=="
    },
    "lodash": {
      "version": "4.17.14",
      "resolved": "https://registry.npmjs.org/lodash/-/lodash-4.17.14.tgz",
      "integrity": "sha512-mmKYbW3GLuJeX+iGP+Y7Gp1AiGHGbXHCOh/jZmrawMmsE7MS4znI3RL2FsjbqOyMayHInjOeykW7PEajUk1/xw=="
    },
    "nocache": {
      "version": "2.1.0",
      "resolved": "https://registry.npmjs.org/nocache/-/nocache-2.1.0.tgz",
      "integrity": "sha512-0L9FvHG3nfnnmaEQPjT9xhfN4ISk0A8/2j4M37Np4mcDesJjHgEUfgPhdCyZuFI954tjokaIj/A3NdpFNdEh4Q=="
    },
    "nodemailer": {
      "version": "6.3.0",
      "resolved": "https://registry.npmjs.org/nodemailer/-/nodemailer-6.3.0.tgz",
      "integrity": "sha512-TEHBNBPHv7Ie/0o3HXnb7xrPSSQmH1dXwQKRaMKDBGt/ZN54lvDVujP6hKkO/vjkIYL9rK8kHSG11+G42Nhxuw=="
    },
    "referrer-policy": {
      "version": "1.2.0",
      "resolved": "https://registry.npmjs.org/referrer-policy/-/referrer-policy-1.2.0.tgz",
      "integrity": "sha512-LgQJIuS6nAy1Jd88DCQRemyE3mS+ispwlqMk3b0yjZ257fI1v9c+/p6SD5gP5FGyXUIgrNOAfmyioHwZtYv2VA=="
    },
    "validator": {
      "version": "8.2.0",
      "resolved": "https://registry.npmjs.org/validator/-/validator-8.2.0.tgz",
      "integrity": "sha512-Yw5wW34fSv5spzTXNkokD6S6/Oq92d8q/t14TqsS3fAiA1RYnxSFSIZ+CY3n6PGGRCq5HhJTSepQvFUS2QUDxA=="
    },
    "x-xss-protection": {
      "version": "1.3.0",
      "resolved": "https://registry.npmjs.org/x-xss-protection/-/x-xss-protection-1.3.0.tgz",
      "integrity": "sha512-kpyBI9TlVipZO4diReZMAHWtS0MMa/7Kgx8hwG/EuZLiA6sg4Ah/4TRdASHhRRN3boobzcYgFRUFSgHRge6Qhg=="
    }
  }
}
